
Microsoft Visual Studio Solution File, Format Version 12.00
# Visual Studio Version 17
VisualStudioVersion = 17.0.31903.59
MinimumVisualStudioVersion = 10.0.40219.1
Project("{FAE04EC0-301F-11D3-BF4B-00C04F79EFBC}") = "Api", "Api\Api.csproj", "{A23F4C9C-0A5A-445E-BA04-E2B8D8B2B752}"
EndProject
Project("{FAE04EC0-301F-11D3-BF4B-00C04F79EFBC}") = "Application", "Application\Application.csproj", "{5471526B-328C-475E-B02A-7B54972EE8BE}"
EndProject
Project("{FAE04EC0-301F-11D3-BF4B-00C04F79EFBC}") = "Domain", "Domain\Domain.csproj", "{04CCFD39-8E6F-45AF-8FE7-C61BF18184CB}"
EndProject
Project("{FAE04EC0-301F-11D3-BF4B-00C04F79EFBC}") = "Infrastructure", "Infrastructure\Infrastructure.csproj", "{E3636AC1-CBFA-467B-85AF-A41385582F98}"
EndProject
Project("{FAE04EC0-301F-11D3-BF4B-00C04F79EFBC}") = "Contracts", "Contracts\Contracts.csproj", "{18170FE6-8BB1-455D-8BB9-387F0556BC2D}"
EndProject
Global
	GlobalSection(SolutionConfigurationPlatforms) = preSolution
		Debug|Any CPU = Debug|Any CPU
		Debug|x64 = Debug|x64
		Debug|x86 = Debug|x86
		Release|Any CPU = Release|Any CPU
		Release|x64 = Release|x64
		Release|x86 = Release|x86
	EndGlobalSection
	GlobalSection(ProjectConfigurationPlatforms) = postSolution
		{A23F4C9C-0A5A-445E-BA04-E2B8D8B2B752}.Debug|Any CPU.ActiveCfg = Debug|Any CPU
		{A23F4C9C-0A5A-445E-BA04-E2B8D8B2B752}.Debug|Any CPU.Build.0 = Debug|Any CPU
		{A23F4C9C-0A5A-445E-BA04-E2B8D8B2B752}.Debug|x64.ActiveCfg = Debug|Any CPU
		{A23F4C9C-0A5A-445E-BA04-E2B8D8B2B752}.Debug|x64.Build.0 = Debug|Any CPU
		{A23F4C9C-0A5A-445E-BA04-E2B8D8B2B752}.Debug|x86.ActiveCfg = Debug|Any CPU
		{A23F4C9C-0A5A-445E-BA04-E2B8D8B2B752}.Debug|x86.Build.0 = Debug|Any CPU
		{A23F4C9C-0A5A-445E-BA04-E2B8D8B2B752}.Release|Any CPU.ActiveCfg = Release|Any CPU
		{A23F4C9C-0A5A-445E-BA04-E2B8D8B2B752}.Release|Any CPU.Build.0 = Release|Any CPU
		{A23F4C9C-0A5A-445E-BA04-E2B8D8B2B752}.Release|x64.ActiveCfg = Release|Any CPU
		{A23F4C9C-0A5A-445E-BA04-E2B8D8B2B752}.Release|x64.Build.0 = Release|Any CPU
		{A23F4C9C-0A5A-445E-BA04-E2B8D8B2B752}.Release|x86.ActiveCfg = Release|Any CPU
		{A23F4C9C-0A5A-445E-BA04-E2B8D8B2B752}.Release|x86.Build.0 = Release|Any CPU
		{5471526B-328C-475E-B02A-7B54972EE8BE}.Debug|Any CPU.ActiveCfg = Debug|Any CPU
		{5471526B-328C-475E-B02A-7B54972EE8BE}.Debug|Any CPU.Build.0 = Debug|Any CPU
		{5471526B-328C-475E-B02A-7B54972EE8BE}.Debug|x64.ActiveCfg = Debug|Any CPU
		{5471526B-328C-475E-B02A-7B54972EE8BE}.Debug|x64.Build.0 = Debug|Any CPU
		{5471526B-328C-475E-B02A-7B54972EE8BE}.Debug|x86.ActiveCfg = Debug|Any CPU
		{5471526B-328C-475E-B02A-7B54972EE8BE}.Debug|x86.Build.0 = Debug|Any CPU
		{5471526B-328C-475E-B02A-7B54972EE8BE}.Release|Any CPU.ActiveCfg = Release|Any CPU
		{5471526B-328C-475E-B02A-7B54972EE8BE}.Release|Any CPU.Build.0 = Release|Any CPU
		{5471526B-328C-475E-B02A-7B54972EE8BE}.Release|x64.ActiveCfg = Release|Any CPU
		{5471526B-328C-475E-B02A-7B54972EE8BE}.Release|x64.Build.0 = Release|Any CPU
		{5471526B-328C-475E-B02A-7B54972EE8BE}.Release|x86.ActiveCfg = Release|Any CPU
		{5471526B-328C-475E-B02A-7B54972EE8BE}.Release|x86.Build.0 = Release|Any CPU
		{04CCFD39-8E6F-45AF-8FE7-C61BF18184CB}.Debug|Any CPU.ActiveCfg = Debug|Any CPU
		{04CCFD39-8E6F-45AF-8FE7-C61BF18184CB}.Debug|Any CPU.Build.0 = Debug|Any CPU
		{04CCFD39-8E6F-45AF-8FE7-C61BF18184CB}.Debug|x64.ActiveCfg = Debug|Any CPU
		{04CCFD39-8E6F-45AF-8FE7-C61BF18184CB}.Debug|x64.Build.0 = Debug|Any CPU
		{04CCFD39-8E6F-45AF-8FE7-C61BF18184CB}.Debug|x86.ActiveCfg = Debug|Any CPU
		{04CCFD39-8E6F-45AF-8FE7-C61BF18184CB}.Debug|x86.Build.0 = Debug|Any CPU
		{04CCFD39-8E6F-45AF-8FE7-C61BF18184CB}.Release|Any CPU.ActiveCfg = Release|Any CPU
		{04CCFD39-8E6F-45AF-8FE7-C61BF18184CB}.Release|Any CPU.Build.0 = Release|Any CPU
		{04CCFD39-8E6F-45AF-8FE7-C61BF18184CB}.Release|x64.ActiveCfg = Release|Any CPU
		{04CCFD39-8E6F-45AF-8FE7-C61BF18184CB}.Release|x64.Build.0 = Release|Any CPU
		{04CCFD39-8E6F-45AF-8FE7-C61BF18184CB}.Release|x86.ActiveCfg = Release|Any CPU
		{04CCFD39-8E6F-45AF-8FE7-C61BF18184CB}.Release|x86.Build.0 = Release|Any CPU
		{E3636AC1-CBFA-467B-85AF-A41385582F98}.Debug|Any CPU.ActiveCfg = Debug|Any CPU
		{E3636AC1-CBFA-467B-85AF-A41385582F98}.Debug|Any CPU.Build.0 = Debug|Any CPU
		{E3636AC1-CBFA-467B-85AF-A41385582F98}.Debug|x64.ActiveCfg = Debug|Any CPU
		{E3636AC1-CBFA-467B-85AF-A41385582F98}.Debug|x64.Build.0 = Debug|Any CPU
		{E3636AC1-CBFA-467B-85AF-A41385582F98}.Debug|x86.ActiveCfg = Debug|Any CPU
		{E3636AC1-CBFA-467B-85AF-A41385582F98}.Debug|x86.Build.0 = Debug|Any CPU
		{E3636AC1-CBFA-467B-85AF-A41385582F98}.Release|Any CPU.ActiveCfg = Release|Any CPU
		{E3636AC1-CBFA-467B-85AF-A41385582F98}.Release|Any CPU.Build.0 = Release|Any CPU
		{E3636AC1-CBFA-467B-85AF-A41385582F98}.Release|x64.ActiveCfg = Release|Any CPU
		{E3636AC1-CBFA-467B-85AF-A41385582F98}.Release|x64.Build.0 = Release|Any CPU
		{E3636AC1-CBFA-467B-85AF-A41385582F98}.Release|x86.ActiveCfg = Release|Any CPU
		{E3636AC1-CBFA-467B-85AF-A41385582F98}.Release|x86.Build.0 = Release|Any CPU
		{18170FE6-8BB1-455D-8BB9-387F0556BC2D}.Debug|Any CPU.ActiveCfg = Debug|Any CPU
		{18170FE6-8BB1-455D-8BB9-387F0556BC2D}.Debug|Any CPU.Build.0 = Debug|Any CPU
		{18170FE6-8BB1-455D-8BB9-387F0556BC2D}.Debug|x64.ActiveCfg = Debug|Any CPU
		{18170FE6-8BB1-455D-8BB9-387F0556BC2D}.Debug|x64.Build.0 = Debug|Any CPU
		{18170FE6-8BB1-455D-8BB9-387F0556BC2D}.Debug|x86.ActiveCfg = Debug|Any CPU
		{18170FE6-8BB1-455D-8BB9-387F0556BC2D}.Debug|x86.Build.0 = Debug|Any CPU
		{18170FE6-8BB1-455D-8BB9-387F0556BC2D}.Release|Any CPU.ActiveCfg = Release|Any CPU
		{18170FE6-8BB1-455D-8BB9-387F0556BC2D}.Release|Any CPU.Build.0 = Release|Any CPU
		{18170FE6-8BB1-455D-8BB9-387F0556BC2D}.Release|x64.ActiveCfg = Release|Any CPU
		{18170FE6-8BB1-455D-8BB9-387F0556BC2D}.Release|x64.Build.0 = Release|Any CPU
		{18170FE6-8BB1-455D-8BB9-387F0556BC2D}.Release|x86.ActiveCfg = Release|Any CPU
		{18170FE6-8BB1-455D-8BB9-387F0556BC2D}.Release|x86.Build.0 = Release|Any CPU
	EndGlobalSection
	GlobalSection(SolutionProperties) = preSolution
		HideSolutionNode = FALSE
	EndGlobalSection
EndGlobal
